// !$*UTF8*$!
{
	archiveVersion = 1;
	classes = {
	};
	objectVersion = 55;
	objects = {

/* Begin PBXBuildFile section */
		384390C827802ABD003DC3C7 /* AppDelegate.swift in Sources */ = {isa = PBXBuildFile; fileRef = 384390C727802ABD003DC3C7 /* AppDelegate.swift */; };
		384390CA27802ABD003DC3C7 /* SceneDelegate.swift in Sources */ = {isa = PBXBuildFile; fileRef = 384390C927802ABD003DC3C7 /* SceneDelegate.swift */; };
		384390CC27802ABD003DC3C7 /* ViewController.swift in Sources */ = {isa = PBXBuildFile; fileRef = 384390CB27802ABD003DC3C7 /* ViewController.swift */; };
		384390CF27802ABD003DC3C7 /* Main.storyboard in Resources */ = {isa = PBXBuildFile; fileRef = 384390CD27802ABD003DC3C7 /* Main.storyboard */; };
		384390D127802AC0003DC3C7 /* Assets.xcassets in Resources */ = {isa = PBXBuildFile; fileRef = 384390D027802AC0003DC3C7 /* Assets.xcassets */; };
		384390D427802AC0003DC3C7 /* LaunchScreen.storyboard in Resources */ = {isa = PBXBuildFile; fileRef = 384390D227802AC0003DC3C7 /* LaunchScreen.storyboard */; };
		384390DF27802AC1003DC3C7 /* UrlSessionExampleTests.swift in Sources */ = {isa = PBXBuildFile; fileRef = 384390DE27802AC1003DC3C7 /* UrlSessionExampleTests.swift */; };
		384390E927802AC1003DC3C7 /* UrlSessionExampleUITests.swift in Sources */ = {isa = PBXBuildFile; fileRef = 384390E827802AC1003DC3C7 /* UrlSessionExampleUITests.swift */; };
		384390EB27802AC1003DC3C7 /* UrlSessionExampleUITestsLaunchTests.swift in Sources */ = {isa = PBXBuildFile; fileRef = 384390EA27802AC1003DC3C7 /* UrlSessionExampleUITestsLaunchTests.swift */; };
		384390F827802AEB003DC3C7 /* NewsFeed.swift in Sources */ = {isa = PBXBuildFile; fileRef = 384390F727802AEB003DC3C7 /* NewsFeed.swift */; };
		384390FA27802BF2003DC3C7 /* Articles.swift in Sources */ = {isa = PBXBuildFile; fileRef = 384390F927802BF2003DC3C7 /* Articles.swift */; };
		384390FC27802CB4003DC3C7 /* Source.swift in Sources */ = {isa = PBXBuildFile; fileRef = 384390FB27802CB4003DC3C7 /* Source.swift */; };
		3843910327805D74003DC3C7 /* NewsTableViewCell.swift in Sources */ = {isa = PBXBuildFile; fileRef = 3843910227805D74003DC3C7 /* NewsTableViewCell.swift */; };
/* End PBXBuildFile section */

/* Begin PBXContainerItemProxy section */
		384390DB27802AC1003DC3C7 /* PBXContainerItemProxy */ = {
			isa = PBXContainerItemProxy;
			containerPortal = 384390BC27802ABD003DC3C7 /* Project object */;
			proxyType = 1;
			remoteGlobalIDString = 384390C327802ABD003DC3C7;
			remoteInfo = UrlSessionExample;
		};
		384390E527802AC1003DC3C7 /* PBXContainerItemProxy */ = {
			isa = PBXContainerItemProxy;
			containerPortal = 384390BC27802ABD003DC3C7 /* Project object */;
			proxyType = 1;
			remoteGlobalIDString = 384390C327802ABD003DC3C7;
			remoteInfo = UrlSessionExample;
		};
/* End PBXContainerItemProxy section */

/* Begin PBXFileReference section */
		384390C427802ABD003DC3C7 /* UrlSessionExample.app */ = {isa = PBXFileReference; explicitFileType = wrapper.application; includeInIndex = 0; path = UrlSessionExample.app; sourceTree = BUILT_PRODUCTS_DIR; };
		384390C727802ABD003DC3C7 /* AppDelegate.swift */ = {isa = PBXFileReference; lastKnownFileType = sourcecode.swift; path = AppDelegate.swift; sourceTree = "<group>"; };
		384390C927802ABD003DC3C7 /* SceneDelegate.swift */ = {isa = PBXFileReference; lastKnownFileType = sourcecode.swift; path = SceneDelegate.swift; sourceTree = "<group>"; };
		384390CB27802ABD003DC3C7 /* ViewController.swift */ = {isa = PBXFileReference; lastKnownFileType = sourcecode.swift; path = ViewController.swift; sourceTree = "<group>"; };
		384390CE27802ABD003DC3C7 /* Base */ = {isa = PBXFileReference; lastKnownFileType = file.storyboard; name = Base; path = Base.lproj/Main.storyboard; sourceTree = "<group>"; };
		384390D027802AC0003DC3C7 /* Assets.xcassets */ = {isa = PBXFileReference; lastKnownFileType = folder.assetcatalog; path = Assets.xcassets; sourceTree = "<group>"; };
		384390D327802AC0003DC3C7 /* Base */ = {isa = PBXFileReference; lastKnownFileType = file.storyboard; name = Base; path = Base.lproj/LaunchScreen.storyboard; sourceTree = "<group>"; };
		384390D527802AC0003DC3C7 /* Info.plist */ = {isa = PBXFileReference; lastKnownFileType = text.plist.xml; path = Info.plist; sourceTree = "<group>"; };
		384390DA27802AC1003DC3C7 /* UrlSessionExampleTests.xctest */ = {isa = PBXFileReference; explicitFileType = wrapper.cfbundle; includeInIndex = 0; path = UrlSessionExampleTests.xctest; sourceTree = BUILT_PRODUCTS_DIR; };
		384390DE27802AC1003DC3C7 /* UrlSessionExampleTests.swift */ = {isa = PBXFileReference; lastKnownFileType = sourcecode.swift; path = UrlSessionExampleTests.swift; sourceTree = "<group>"; };
		384390E427802AC1003DC3C7 /* UrlSessionExampleUITests.xctest */ = {isa = PBXFileReference; explicitFileType = wrapper.cfbundle; includeInIndex = 0; path = UrlSessionExampleUITests.xctest; sourceTree = BUILT_PRODUCTS_DIR; };
		384390E827802AC1003DC3C7 /* UrlSessionExampleUITests.swift */ = {isa = PBXFileReference; lastKnownFileType = sourcecode.swift; path = UrlSessionExampleUITests.swift; sourceTree = "<group>"; };
		384390EA27802AC1003DC3C7 /* UrlSessionExampleUITestsLaunchTests.swift */ = {isa = PBXFileReference; lastKnownFileType = sourcecode.swift; path = UrlSessionExampleUITestsLaunchTests.swift; sourceTree = "<group>"; };
		384390F727802AEB003DC3C7 /* NewsFeed.swift */ = {isa = PBXFileReference; lastKnownFileType = sourcecode.swift; path = NewsFeed.swift; sourceTree = "<group>"; };
		384390F927802BF2003DC3C7 /* Articles.swift */ = {isa = PBXFileReference; lastKnownFileType = sourcecode.swift; path = Articles.swift; sourceTree = "<group>"; };
		384390FB27802CB4003DC3C7 /* Source.swift */ = {isa = PBXFileReference; lastKnownFileType = sourcecode.swift; path = Source.swift; sourceTree = "<group>"; };
		3843910227805D74003DC3C7 /* NewsTableViewCell.swift */ = {isa = PBXFileReference; lastKnownFileType = sourcecode.swift; path = NewsTableViewCell.swift; sourceTree = "<group>"; };
/* End PBXFileReference section */

/* Begin PBXFrameworksBuildPhase section */
		384390C127802ABD003DC3C7 /* Frameworks */ = {
			isa = PBXFrameworksBuildPhase;
			buildActionMask = 2147483647;
			files = (
			);
			runOnlyForDeploymentPostprocessing = 0;
		};
		384390D727802AC1003DC3C7 /* Frameworks */ = {
			isa = PBXFrameworksBuildPhase;
			buildActionMask = 2147483647;
			files = (
			);
			runOnlyForDeploymentPostprocessing = 0;
		};
		384390E127802AC1003DC3C7 /* Frameworks */ = {
			isa = PBXFrameworksBuildPhase;
			buildActionMask = 2147483647;
			files = (
			);
			runOnlyForDeploymentPostprocessing = 0;
		};
/* End PBXFrameworksBuildPhase section */

/* Begin PBXGroup section */
		384390BB27802ABD003DC3C7 = {
			isa = PBXGroup;
			children = (
				384390C627802ABD003DC3C7 /* UrlSessionExample */,
				384390DD27802AC1003DC3C7 /* UrlSessionExampleTests */,
				384390E727802AC1003DC3C7 /* UrlSessionExampleUITests */,
				384390C527802ABD003DC3C7 /* Products */,
			);
			sourceTree = "<group>";
		};
		384390C527802ABD003DC3C7 /* Products */ = {
			isa = PBXGroup;
			children = (
				384390C427802ABD003DC3C7 /* UrlSessionExample.app */,
				384390DA27802AC1003DC3C7 /* UrlSessionExampleTests.xctest */,
				384390E427802AC1003DC3C7 /* UrlSessionExampleUITests.xctest */,
			);
			name = Products;
			sourceTree = "<group>";
		};
		384390C627802ABD003DC3C7 /* UrlSessionExample */ = {
			isa = PBXGroup;
			children = (
				3843910127805D59003DC3C7 /* NewsUi */,
				384390C927802ABD003DC3C7 /* SceneDelegate.swift */,
				3843910027805D37003DC3C7 /* Controller */,
				384390FF27805D2B003DC3C7 /* View */,
				384390FE27805D1B003DC3C7 /* Model */,
				384390C727802ABD003DC3C7 /* AppDelegate.swift */,
				384390D027802AC0003DC3C7 /* Assets.xcassets */,
				384390D227802AC0003DC3C7 /* LaunchScreen.storyboard */,
				384390D527802AC0003DC3C7 /* Info.plist */,
			);
			path = UrlSessionExample;
			sourceTree = "<group>";
		};
		384390DD27802AC1003DC3C7 /* UrlSessionExampleTests */ = {
			isa = PBXGroup;
			children = (
				384390DE27802AC1003DC3C7 /* UrlSessionExampleTests.swift */,
			);
			path = UrlSessionExampleTests;
			sourceTree = "<group>";
		};
		384390E727802AC1003DC3C7 /* UrlSessionExampleUITests */ = {
			isa = PBXGroup;
			children = (
				384390E827802AC1003DC3C7 /* UrlSessionExampleUITests.swift */,
				384390EA27802AC1003DC3C7 /* UrlSessionExampleUITestsLaunchTests.swift */,
			);
			path = UrlSessionExampleUITests;
			sourceTree = "<group>";
		};
		384390FE27805D1B003DC3C7 /* Model */ = {
			isa = PBXGroup;
			children = (
				384390FB27802CB4003DC3C7 /* Source.swift */,
				384390F927802BF2003DC3C7 /* Articles.swift */,
				384390F727802AEB003DC3C7 /* NewsFeed.swift */,
			);
			path = Model;
			sourceTree = "<group>";
		};
		384390FF27805D2B003DC3C7 /* View */ = {
			isa = PBXGroup;
			children = (
				384390CD27802ABD003DC3C7 /* Main.storyboard */,
			);
			path = View;
			sourceTree = "<group>";
		};
		3843910027805D37003DC3C7 /* Controller */ = {
			isa = PBXGroup;
			children = (
				384390CB27802ABD003DC3C7 /* ViewController.swift */,
			);
			path = Controller;
			sourceTree = "<group>";
		};
		3843910127805D59003DC3C7 /* NewsUi */ = {
			isa = PBXGroup;
			children = (
				3843910227805D74003DC3C7 /* NewsTableViewCell.swift */,
			);
			path = NewsUi;
			sourceTree = "<group>";
		};
/* End PBXGroup section */

/* Begin PBXNativeTarget section */
		384390C327802ABD003DC3C7 /* UrlSessionExample */ = {
			isa = PBXNativeTarget;
			buildConfigurationList = 384390EE27802AC1003DC3C7 /* Build configuration list for PBXNativeTarget "UrlSessionExample" */;
			buildPhases = (
				384390C027802ABD003DC3C7 /* Sources */,
				384390C127802ABD003DC3C7 /* Frameworks */,
				384390C227802ABD003DC3C7 /* Resources */,
			);
			buildRules = (
			);
			dependencies = (
			);
			name = UrlSessionExample;
			productName = UrlSessionExample;
			productReference = 384390C427802ABD003DC3C7 /* UrlSessionExample.app */;
			productType = "com.apple.product-type.application";
		};
		384390D927802AC1003DC3C7 /* UrlSessionExampleTests */ = {
			isa = PBXNativeTarget;
			buildConfigurationList = 384390F127802AC1003DC3C7 /* Build configuration list for PBXNativeTarget "UrlSessionExampleTests" */;
			buildPhases = (
				384390D627802AC1003DC3C7 /* Sources */,
				384390D727802AC1003DC3C7 /* Frameworks */,
				384390D827802AC1003DC3C7 /* Resources */,
			);
			buildRules = (
			);
			dependencies = (
				384390DC27802AC1003DC3C7 /* PBXTargetDependency */,
			);
			name = UrlSessionExampleTests;
			productName = UrlSessionExampleTests;
			productReference = 384390DA27802AC1003DC3C7 /* UrlSessionExampleTests.xctest */;
			productType = "com.apple.product-type.bundle.unit-test";
		};
		384390E327802AC1003DC3C7 /* UrlSessionExampleUITests */ = {
			isa = PBXNativeTarget;
			buildConfigurationList = 384390F427802AC1003DC3C7 /* Build configuration list for PBXNativeTarget "UrlSessionExampleUITests" */;
			buildPhases = (
				384390E027802AC1003DC3C7 /* Sources */,
				384390E127802AC1003DC3C7 /* Frameworks */,
				384390E227802AC1003DC3C7 /* Resources */,
			);
			buildRules = (
			);
			dependencies = (
				384390E627802AC1003DC3C7 /* PBXTargetDependency */,
			);
			name = UrlSessionExampleUITests;
			productName = UrlSessionExampleUITests;
			productReference = 384390E427802AC1003DC3C7 /* UrlSessionExampleUITests.xctest */;
			productType = "com.apple.product-type.bundle.ui-testing";
		};
/* End PBXNativeTarget section */

/* Begin PBXProject section */
		384390BC27802ABD003DC3C7 /* Project object */ = {
			isa = PBXProject;
			attributes = {
				BuildIndependentTargetsInParallel = 1;
				LastSwiftUpdateCheck = 1320;
				LastUpgradeCheck = 1320;
				TargetAttributes = {
					384390C327802ABD003DC3C7 = {
						CreatedOnToolsVersion = 13.2.1;
					};
					384390D927802AC1003DC3C7 = {
						CreatedOnToolsVersion = 13.2.1;
						TestTargetID = 384390C327802ABD003DC3C7;
					};
					384390E327802AC1003DC3C7 = {
						CreatedOnToolsVersion = 13.2.1;
						TestTargetID = 384390C327802ABD003DC3C7;
					};
				};
			};
			buildConfigurationList = 384390BF27802ABD003DC3C7 /* Build configuration list for PBXProject "UrlSessionExample" */;
			compatibilityVersion = "Xcode 13.0";
			developmentRegion = en;
			hasScannedForEncodings = 0;
			knownRegions = (
				en,
				Base,
			);
			mainGroup = 384390BB27802ABD003DC3C7;
			productRefGroup = 384390C527802ABD003DC3C7 /* Products */;
			projectDirPath = "";
			projectRoot = "";
			targets = (
				384390C327802ABD003DC3C7 /* UrlSessionExample */,
				384390D927802AC1003DC3C7 /* UrlSessionExampleTests */,
				384390E327802AC1003DC3C7 /* UrlSessionExampleUITests */,
			);
		};
/* End PBXProject section */

/* Begin PBXResourcesBuildPhase section */
		384390C227802ABD003DC3C7 /* Resources */ = {
			isa = PBXResourcesBuildPhase;
			buildActionMask = 2147483647;
			files = (
				384390D427802AC0003DC3C7 /* LaunchScreen.storyboard in Resources */,
				384390D127802AC0003DC3C7 /* Assets.xcassets in Resources */,
				384390CF27802ABD003DC3C7 /* Main.storyboard in Resources */,
			);
			runOnlyForDeploymentPostprocessing = 0;
		};
		384390D827802AC1003DC3C7 /* Resources */ = {
			isa = PBXResourcesBuildPhase;
			buildActionMask = 2147483647;
			files = (
			);
			runOnlyForDeploymentPostprocessing = 0;
		};
		384390E227802AC1003DC3C7 /* Resources */ = {
			isa = PBXResourcesBuildPhase;
			buildActionMask = 2147483647;
			files = (
			);
			runOnlyForDeploymentPostprocessing = 0;
		};
/* End PBXResourcesBuildPhase section */

/* Begin PBXSourcesBuildPhase section */
		384390C027802ABD003DC3C7 /* Sources */ = {
			isa = PBXSourcesBuildPhase;
			buildActionMask = 2147483647;
			files = (
				384390CC27802ABD003DC3C7 /* ViewController.swift in Sources */,
				3843910327805D74003DC3C7 /* NewsTableViewCell.swift in Sources */,
				384390FA27802BF2003DC3C7 /* Articles.swift in Sources */,
				384390FC27802CB4003DC3C7 /* Source.swift in Sources */,
				384390C827802ABD003DC3C7 /* AppDelegate.swift in Sources */,
				384390F827802AEB003DC3C7 /* NewsFeed.swift in Sources */,
				384390CA27802ABD003DC3C7 /* SceneDelegate.swift in Sources */,
			);
			runOnlyForDeploymentPostprocessing = 0;
		};
		384390D627802AC1003DC3C7 /* Sources */ = {
			isa = PBXSourcesBuildPhase;
			buildActionMask = 2147483647;
			files = (
				384390DF27802AC1003DC3C7 /* UrlSessionExampleTests.swift in Sources */,
			);
			runOnlyForDeploymentPostprocessing = 0;
		};
		384390E027802AC1003DC3C7 /* Sources */ = {
			isa = PBXSourcesBuildPhase;
			buildActionMask = 2147483647;
			files = (
				384390EB27802AC1003DC3C7 /* UrlSessionExampleUITestsLaunchTests.swift in Sources */,
				384390E927802AC1003DC3C7 /* UrlSessionExampleUITests.swift in Sources */,
			);
			runOnlyForDeploymentPostprocessing = 0;
		};
/* End PBXSourcesBuildPhase section */

/* Begin PBXTargetDependency section */
		384390DC27802AC1003DC3C7 /* PBXTargetDependency */ = {
			isa = PBXTargetDependency;
			target = 384390C327802ABD003DC3C7 /* UrlSessionExample */;
			targetProxy = 384390DB27802AC1003DC3C7 /* PBXContainerItemProxy */;
		};
		384390E627802AC1003DC3C7 /* PBXTargetDependency */ = {
			isa = PBXTargetDependency;
			target = 384390C327802ABD003DC3C7 /* UrlSessionExample */;
			targetProxy = 384390E527802AC1003DC3C7 /* PBXContainerItemProxy */;
		};
/* End PBXTargetDependency section */

/* Begin PBXVariantGroup section */
		384390CD27802ABD003DC3C7 /* Main.storyboard */ = {
			isa = PBXVariantGroup;
			children = (
				384390CE27802ABD003DC3C7 /* Base */,
			);
			name = Main.storyboard;
			sourceTree = "<group>";
		};
		384390D227802AC0003DC3C7 /* LaunchScreen.storyboard */ = {
			isa = PBXVariantGroup;
			children = (
				384390D327802AC0003DC3C7 /* Base */,
			);
			name = LaunchScreen.storyboard;
			sourceTree = "<group>";
		};
/* End PBXVariantGroup section */

/* Begin XCBuildConfiguration section */
		384390EC27802AC1003DC3C7 /* Debug */ = {
			isa = XCBuildConfiguration;
			buildSettings = {
				ALWAYS_SEARCH_USER_PATHS = NO;
				CLANG_ANALYZER_NONNULL = YES;
				CLANG_ANALYZER_NUMBER_OBJECT_CONVERSION = YES_AGGRESSIVE;
				CLANG_CXX_LANGUAGE_STANDARD = "gnu++17";
				CLANG_CXX_LIBRARY = "libc++";
				CLANG_ENABLE_MODULES = YES;
				CLANG_ENABLE_OBJC_ARC = YES;
				CLANG_ENABLE_OBJC_WEAK = YES;
				CLANG_WARN_BLOCK_CAPTURE_AUTORELEASING = YES;
				CLANG_WARN_BOOL_CONVERSION = YES;
				CLANG_WARN_COMMA = YES;
				CLANG_WARN_CONSTANT_CONVERSION = YES;
				CLANG_WARN_DEPRECATED_OBJC_IMPLEMENTATIONS = YES;
				CLANG_WARN_DIRECT_OBJC_ISA_USAGE = YES_ERROR;
				CLANG_WARN_DOCUMENTATION_COMMENTS = YES;
				CLANG_WARN_EMPTY_BODY = YES;
				CLANG_WARN_ENUM_CONVERSION = YES;
				CLANG_WARN_INFINITE_RECURSION = YES;
				CLANG_WARN_INT_CONVERSION = YES;
				CLANG_WARN_NON_LITERAL_NULL_CONVERSION = YES;
				CLANG_WARN_OBJC_IMPLICIT_RETAIN_SELF = YES;
				CLANG_WARN_OBJC_LITERAL_CONVERSION = YES;
				CLANG_WARN_OBJC_ROOT_CLASS = YES_ERROR;
				CLANG_WARN_QUOTED_INCLUDE_IN_FRAMEWORK_HEADER = YES;
				CLANG_WARN_RANGE_LOOP_ANALYSIS = YES;
				CLANG_WARN_STRICT_PROTOTYPES = YES;
				CLANG_WARN_SUSPICIOUS_MOVE = YES;
				CLANG_WARN_UNGUARDED_AVAILABILITY = YES_AGGRESSIVE;
				CLANG_WARN_UNREACHABLE_CODE = YES;
				CLANG_WARN__DUPLICATE_METHOD_MATCH = YES;
				COPY_PHASE_STRIP = NO;
				DEBUG_INFORMATION_FORMAT = dwarf;
				ENABLE_STRICT_OBJC_MSGSEND = YES;
				ENABLE_TESTABILITY = YES;
				GCC_C_LANGUAGE_STANDARD = gnu11;
				GCC_DYNAMIC_NO_PIC = NO;
				GCC_NO_COMMON_BLOCKS = YES;
				GCC_OPTIMIZATION_LEVEL = 0;
				GCC_PREPROCESSOR_DEFINITIONS = (
					"DEBUG=1",
					"$(inherited)",
				);
				GCC_WARN_64_TO_32_BIT_CONVERSION = YES;
				GCC_WARN_ABOUT_RETURN_TYPE = YES_ERROR;
				GCC_WARN_UNDECLARED_SELECTOR = YES;
				GCC_WARN_UNINITIALIZED_AUTOS = YES_AGGRESSIVE;
				GCC_WARN_UNUSED_FUNCTION = YES;
				GCC_WARN_UNUSED_VARIABLE = YES;
				IPHONEOS_DEPLOYMENT_TARGET = 15.2;
				MTL_ENABLE_DEBUG_INFO = INCLUDE_SOURCE;
				MTL_FAST_MATH = YES;
				ONLY_ACTIVE_ARCH = YES;
				SDKROOT = iphoneos;
				SWIFT_ACTIVE_COMPILATION_CONDITIONS = DEBUG;
				SWIFT_OPTIMIZATION_LEVEL = "-Onone";
			};
			name = Debug;
		};
		384390ED27802AC1003DC3C7 /* Release */ = {
			isa = XCBuildConfiguration;
			buildSettings = {
				ALWAYS_SEARCH_USER_PATHS = NO;
				CLANG_ANALYZER_NONNULL = YES;
				CLANG_ANALYZER_NUMBER_OBJECT_CONVERSION = YES_AGGRESSIVE;
				CLANG_CXX_LANGUAGE_STANDARD = "gnu++17";
				CLANG_CXX_LIBRARY = "libc++";
				CLANG_ENABLE_MODULES = YES;
				CLANG_ENABLE_OBJC_ARC = YES;
				CLANG_ENABLE_OBJC_WEAK = YES;
				CLANG_WARN_BLOCK_CAPTURE_AUTORELEASING = YES;
				CLANG_WARN_BOOL_CONVERSION = YES;
				CLANG_WARN_COMMA = YES;
				CLANG_WARN_CONSTANT_CONVERSION = YES;
				CLANG_WARN_DEPRECATED_OBJC_IMPLEMENTATIONS = YES;
				CLANG_WARN_DIRECT_OBJC_ISA_USAGE = YES_ERROR;
				CLANG_WARN_DOCUMENTATION_COMMENTS = YES;
				CLANG_WARN_EMPTY_BODY = YES;
				CLANG_WARN_ENUM_CONVERSION = YES;
				CLANG_WARN_INFINITE_RECURSION = YES;
				CLANG_WARN_INT_CONVERSION = YES;
				CLANG_WARN_NON_LITERAL_NULL_CONVERSION = YES;
				CLANG_WARN_OBJC_IMPLICIT_RETAIN_SELF = YES;
				CLANG_WARN_OBJC_LITERAL_CONVERSION = YES;
				CLANG_WARN_OBJC_ROOT_CLASS = YES_ERROR;
				CLANG_WARN_QUOTED_INCLUDE_IN_FRAMEWORK_HEADER = YES;
				CLANG_WARN_RANGE_LOOP_ANALYSIS = YES;
				CLANG_WARN_STRICT_PROTOTYPES = YES;
				CLANG_WARN_SUSPICIOUS_MOVE = YES;
				CLANG_WARN_UNGUARDED_AVAILABILITY = YES_AGGRESSIVE;
				CLANG_WARN_UNREACHABLE_CODE = YES;
				CLANG_WARN__DUPLICATE_METHOD_MATCH = YES;
				COPY_PHASE_STRIP = NO;
				DEBUG_INFORMATION_FORMAT = "dwarf-with-dsym";
				ENABLE_NS_ASSERTIONS = NO;
				ENABLE_STRICT_OBJC_MSGSEND = YES;
				GCC_C_LANGUAGE_STANDARD = gnu11;
				GCC_NO_COMMON_BLOCKS = YES;
				GCC_WARN_64_TO_32_BIT_CONVERSION = YES;
				GCC_WARN_ABOUT_RETURN_TYPE = YES_ERROR;
				GCC_WARN_UNDECLARED_SELECTOR = YES;
				GCC_WARN_UNINITIALIZED_AUTOS = YES_AGGRESSIVE;
				GCC_WARN_UNUSED_FUNCTION = YES;
				GCC_WARN_UNUSED_VARIABLE = YES;
				IPHONEOS_DEPLOYMENT_TARGET = 15.2;
				MTL_ENABLE_DEBUG_INFO = NO;
				MTL_FAST_MATH = YES;
				SDKROOT = iphoneos;
				SWIFT_COMPILATION_MODE = wholemodule;
				SWIFT_OPTIMIZATION_LEVEL = "-O";
				VALIDATE_PRODUCT = YES;
			};
			name = Release;
		};
		384390EF27802AC1003DC3C7 /* Debug */ = {
			isa = XCBuildConfiguration;
			buildSettings = {
				ASSETCATALOG_COMPILER_APPICON_NAME = AppIcon;
				ASSETCATALOG_COMPILER_GLOBAL_ACCENT_COLOR_NAME = AccentColor;
				CODE_SIGN_STYLE = Automatic;
				CURRENT_PROJECT_VERSION = 1;
				GENERATE_INFOPLIST_FILE = YES;
				INFOPLIST_FILE = UrlSessionExample/Info.plist;
				INFOPLIST_KEY_UIApplicationSupportsIndirectInputEvents = YES;
				INFOPLIST_KEY_UILaunchStoryboardName = LaunchScreen;
				INFOPLIST_KEY_UIMainStoryboardFile = Main;
				INFOPLIST_KEY_UISupportedInterfaceOrientations_iPad = "UIInterfaceOrientationPortrait UIInterfaceOrientationPortraitUpsideDown UIInterfaceOrientationLandscapeLeft UIInterfaceOrientationLandscapeRight";
				INFOPLIST_KEY_UISupportedInterfaceOrientations_iPhone = "UIInterfaceOrientationPortrait UIInterfaceOrientationLandscapeLeft UIInterfaceOrientationLandscapeRight";
				LD_RUNPATH_SEARCH_PATHS = (
					"$(inherited)",
					"@executable_path/Frameworks",
				);
				MARKETING_VERSION = 1.0;
				PRODUCT_BUNDLE_IDENTIFIER = com.shreesha.com.UrlSessionExample;
				PRODUCT_NAME = "$(TARGET_NAME)";
				SWIFT_EMIT_LOC_STRINGS = YES;
				SWIFT_VERSION = 5.0;
				TARGETED_DEVICE_FAMILY = "1,2";
			};
			name = Debug;
		};
		384390F027802AC1003DC3C7 /* Release */ = {
			isa = XCBuildConfiguration;
			buildSettings = {
				ASSETCATALOG_COMPILER_APPICON_NAME = AppIcon;
				ASSETCATALOG_COMPILER_GLOBAL_ACCENT_COLOR_NAME = AccentColor;
				CODE_SIGN_STYLE = Automatic;
				CURRENT_PROJECT_VERSION = 1;
				GENERATE_INFOPLIST_FILE = YES;
				INFOPLIST_FILE = UrlSessionExample/Info.plist;
				INFOPLIST_KEY_UIApplicationSupportsIndirectInputEvents = YES;
				INFOPLIST_KEY_UILaunchStoryboardName = LaunchScreen;
				INFOPLIST_KEY_UIMainStoryboardFile = Main;
				INFOPLIST_KEY_UISupportedInterfaceOrientations_iPad = "UIInterfaceOrientationPortrait UIInterfaceOrientationPortraitUpsideDown UIInterfaceOrientationLandscapeLeft UIInterfaceOrientationLandscapeRight";
				INFOPLIST_KEY_UISupportedInterfaceOrientations_iPhone = "UIInterfaceOrientationPortrait UIInterfaceOrientationLandscapeLeft UIInterfaceOrientationLandscapeRight";
				LD_RUNPATH_SEARCH_PATHS = (
					"$(inherited)",
					"@executable_path/Frameworks",
				);
				MARKETING_VERSION = 1.0;
				PRODUCT_BUNDLE_IDENTIFIER = com.shreesha.com.UrlSessionExample;
				PRODUCT_NAME = "$(TARGET_NAME)";
				SWIFT_EMIT_LOC_STRINGS = YES;
				SWIFT_VERSION = 5.0;
				TARGETED_DEVICE_FAMILY = "1,2";
			};
			name = Release;
		};
		384390F227802AC1003DC3C7 /* Debug */ = {
			isa = XCBuildConfiguration;
			buildSettings = {
				ALWAYS_EMBED_SWIFT_STANDARD_LIBRARIES = YES;
				BUNDLE_LOADER = "$(TEST_HOST)";
				CODE_SIGN_STYLE = Automatic;
				CURRENT_PROJECT_VERSION = 1;
				GENERATE_INFOPLIST_FILE = YES;
				IPHONEOS_DEPLOYMENT_TARGET = 15.2;
				MARKETING_VERSION = 1.0;
				PRODUCT_BUNDLE_IDENTIFIER = com.shreesha.com.UrlSessionExampleTests;
				PRODUCT_NAME = "$(TARGET_NAME)";
				SWIFT_EMIT_LOC_STRINGS = NO;
				SWIFT_VERSION = 5.0;
				TARGETED_DEVICE_FAMILY = "1,2";
				TEST_HOST = "$(BUILT_PRODUCTS_DIR)/UrlSessionExample.app/UrlSessionExample";
			};
			name = Debug;
		};
		384390F327802AC1003DC3C7 /* Release */ = {
			isa = XCBuildConfiguration;
			buildSettings = {
				ALWAYS_EMBED_SWIFT_STANDARD_LIBRARIES = YES;
				BUNDLE_LOADER = "$(TEST_HOST)";
				CODE_SIGN_STYLE = Automatic;
				CURRENT_PROJECT_VERSION = 1;
				GENERATE_INFOPLIST_FILE = YES;
				IPHONEOS_DEPLOYMENT_TARGET = 15.2;
				MARKETING_VERSION = 1.0;
				PRODUCT_BUNDLE_IDENTIFIER = com.shreesha.com.UrlSessionExampleTests;
				PRODUCT_NAME = "$(TARGET_NAME)";
				SWIFT_EMIT_LOC_STRINGS = NO;
				SWIFT_VERSION = 5.0;
				TARGETED_DEVICE_FAMILY = "1,2";
				TEST_HOST = "$(BUILT_PRODUCTS_DIR)/UrlSessionExample.app/UrlSessionExample";
			};
			name = Release;
		};
		384390F527802AC1003DC3C7 /* Debug */ = {
			isa = XCBuildConfiguration;
			buildSettings = {
				ALWAYS_EMBED_SWIFT_STANDARD_LIBRARIES = YES;
				CODE_SIGN_STYLE = Automatic;
				CURRENT_PROJECT_VERSION = 1;
				GENERATE_INFOPLIST_FILE = YES;
				MARKETING_VERSION = 1.0;
				PRODUCT_BUNDLE_IDENTIFIER = com.shreesha.com.UrlSessionExampleUITests;
				PRODUCT_NAME = "$(TARGET_NAME)";
				SWIFT_EMIT_LOC_STRINGS = NO;
				SWIFT_VERSION = 5.0;
				TARGETED_DEVICE_FAMILY = "1,2";
				TEST_TARGET_NAME = UrlSessionExample;
			};
			name = Debug;
		};
		384390F627802AC1003DC3C7 /* Release */ = {
			isa = XCBuildConfiguration;
			buildSettings = {
				ALWAYS_EMBED_SWIFT_STANDARD_LIBRARIES = YES;
				CODE_SIGN_STYLE = Automatic;
				CURRENT_PROJECT_VERSION = 1;
				GENERATE_INFOPLIST_FILE = YES;
				MARKETING_VERSION = 1.0;
				PRODUCT_BUNDLE_IDENTIFIER = com.shreesha.com.UrlSessionExampleUITests;
				PRODUCT_NAME = "$(TARGET_NAME)";
				SWIFT_EMIT_LOC_STRINGS = NO;
				SWIFT_VERSION = 5.0;
				TARGETED_DEVICE_FAMILY = "1,2";
				TEST_TARGET_NAME = UrlSessionExample;
			};
			name = Release;
		};
/* End XCBuildConfiguration section */

/* Begin XCConfigurationList section */
		384390BF27802ABD003DC3C7 /* Build configuration list for PBXProject "UrlSessionExample" */ = {
			isa = XCConfigurationList;
			buildConfigurations = (
				384390EC27802AC1003DC3C7 /* Debug */,
				384390ED27802AC1003DC3C7 /* Release */,
			);
			defaultConfigurationIsVisible = 0;
			defaultConfigurationName = Release;
		};
		384390EE27802AC1003DC3C7 /* Build configuration list for PBXNativeTarget "UrlSessionExample" */ = {
			isa = XCConfigurationList;
			buildConfigurations = (
				384390EF27802AC1003DC3C7 /* Debug */,
				384390F027802AC1003DC3C7 /* Release */,
			);
			defaultConfigurationIsVisible = 0;
			defaultConfigurationName = Release;
		};
		384390F127802AC1003DC3C7 /* Build configuration list for PBXNativeTarget "UrlSessionExampleTests" */ = {
			isa = XCConfigurationList;
			buildConfigurations = (
				384390F227802AC1003DC3C7 /* Debug */,
				384390F327802AC1003DC3C7 /* Release */,
			);
			defaultConfigurationIsVisible = 0;
			defaultConfigurationName = Release;
		};
		384390F427802AC1003DC3C7 /* Build configuration list for PBXNativeTarget "UrlSessionExampleUITests" */ = {
			isa = XCConfigurationList;
			buildConfigurations = (
				384390F527802AC1003DC3C7 /* Debug */,
				384390F627802AC1003DC3C7 /* Release */,
			);
			defaultConfigurationIsVisible = 0;
			defaultConfigurationName = Release;
		};
/* End XCConfigurationList section */
	};
	rootObject = 384390BC27802ABD003DC3C7 /* Project object */;
}
